PODS:
  - Alamofire (4.7.0)
  - RxAlamofire (4.1.0):
    - RxAlamofire/Core (= 4.1.0)
  - RxAlamofire/Core (4.1.0):
    - Alamofire (~> 4.5)
    - RxSwift (~> 4.0)
  - RxBlocking (4.1.2):
    - RxSwift (~> 4.0)
  - RxCocoa (4.1.2):
    - RxSwift (~> 4.0)
  - RxSwift (4.1.2)
  - SwiftLint (0.25.0)
  - Then (2.3.0)

DEPENDENCIES:
  - Alamofire
  - RxAlamofire
  - RxBlocking
  - RxCocoa
  - RxSwift
  - SwiftLint
  - Then

SPEC CHECKSUMS:
  Alamofire: 907e0a98eb68cdb7f9d1f541a563d6ac5dc77b25
  RxAlamofire: 96a2bff4694a1609bb59c57b53d99ea7a0ddc64a
  RxBlocking: f6054985901412fc8c02daa84e92d4ba68c61389
  RxCocoa: d88ba0f1f6abf040011a9eb4b539324fc426843a
  RxSwift: e49536837d9901277638493ea537394d4b55f570
  SwiftLint: e14651157288e9e01d6e1a71db7014fb5744a8ea
  Then: ee21c97b85ff6062b9b0080c9abb1eea46743345

PODFILE CHECKSUM: 749f02a336f12467323503b7cea80e281f4601e6

COCOAPODS: 1.4.0
